
Microsoft Visual Studio Solution File, Format Version 12.00
# Visual Studio Version 16
VisualStudioVersion = 16.0.30011.22
MinimumVisualStudioVersion = 10.0.40219.1
Project("{9A19103F-16F7-4668-BE54-9A1E7A4F7556}") = "HelloTests", "HelloTests\HelloTests.csproj", "{C4D0B202-0A7E-4936-AAF1-6708C19D3245}"
EndProject
Project("{9A19103F-16F7-4668-BE54-9A1E7A4F7556}") = "HelloTests.Tests", "HelloTests.Tests\HelloTests.Tests.csproj", "{EA712F2F-604B-4262-A8E7-B88C0F176AF6}"
EndProject
Global
	GlobalSection(SolutionConfigurationPlatforms) = preSolution
		Debug|Any CPU = Debug|Any CPU
		Release|Any CPU = Release|Any CPU
	EndGlobalSection
	GlobalSection(ProjectConfigurationPlatforms) = postSolution
		{C4D0B202-0A7E-4936-AAF1-6708C19D3245}.Debug|Any CPU.ActiveCfg = Debug|Any CPU
		{C4D0B202-0A7E-4936-AAF1-6708C19D3245}.Debug|Any CPU.Build.0 = Debug|Any CPU
		{C4D0B202-0A7E-4936-AAF1-6708C19D3245}.Release|Any CPU.ActiveCfg = Release|Any CPU
		{C4D0B202-0A7E-4936-AAF1-6708C19D3245}.Release|Any CPU.Build.0 = Release|Any CPU
		{EA712F2F-604B-4262-A8E7-B88C0F176AF6}.Debug|Any CPU.ActiveCfg = Debug|Any CPU
		{EA712F2F-604B-4262-A8E7-B88C0F176AF6}.Debug|Any CPU.Build.0 = Debug|Any CPU
		{EA712F2F-604B-4262-A8E7-B88C0F176AF6}.Release|Any CPU.ActiveCfg = Release|Any CPU
		{EA712F2F-604B-4262-A8E7-B88C0F176AF6}.Release|Any CPU.Build.0 = Release|Any CPU
	EndGlobalSection
	GlobalSection(SolutionProperties) = preSolution
		HideSolutionNode = FALSE
	EndGlobalSection
	GlobalSection(ExtensibilityGlobals) = postSolution
		SolutionGuid = {89E5889F-235F-43B3-809E-A80ECF3BB73A}
	EndGlobalSection
EndGlobal
